// !$*UTF8*$!
{
	archiveVersion = 1;
	classes = {
	};
	objectVersion = 50;
	objects = {

/* Begin PBXBuildFile section */
		897CAC48221A89000047E08E /* AppDelegate.swift in Sources */ = {isa = PBXBuildFile; fileRef = 897CAC47221A89000047E08E /* AppDelegate.swift */; };
		897CAC4A221A89000047E08E /* ViewController.swift in Sources */ = {isa = PBXBuildFile; fileRef = 897CAC49221A89000047E08E /* ViewController.swift */; };
		897CAC4D221A89000047E08E /* Main.storyboard in Resources */ = {isa = PBXBuildFile; fileRef = 897CAC4B221A89000047E08E /* Main.storyboard */; };
		897CAC4F221A89010047E08E /* Assets.xcassets in Resources */ = {isa = PBXBuildFile; fileRef = 897CAC4E221A89010047E08E /* Assets.xcassets */; };
		897CAC52221A89010047E08E /* LaunchScreen.storyboard in Resources */ = {isa = PBXBuildFile; fileRef = 897CAC50221A89010047E08E /* LaunchScreen.storyboard */; };
		897CAC5B221A8A3D0047E08E /* UIViewAnimationViewController.swift in Sources */ = {isa = PBXBuildFile; fileRef = 897CAC5A221A8A3D0047E08E /* UIViewAnimationViewController.swift */; };
		897CAE5A221A92180047E08E /* Teacher_icon@2x.png in Resources */ = {isa = PBXBuildFile; fileRef = 897CAE59221A92180047E08E /* Teacher_icon@2x.png */; };
		897CAE5D221AA0670047E08E /* KeyValueObservingViewController.swift in Sources */ = {isa = PBXBuildFile; fileRef = 897CAE5C221AA0670047E08E /* KeyValueObservingViewController.swift */; };
		897CAE60221AA2F90047E08E /* UILabelExtension.swift in Sources */ = {isa = PBXBuildFile; fileRef = 897CAE5F221AA2F90047E08E /* UILabelExtension.swift */; };
		897CAE62221AA65F0047E08E /* StringExtension.swift in Sources */ = {isa = PBXBuildFile; fileRef = 897CAE61221AA65F0047E08E /* StringExtension.swift */; };
		897CAE64221AAEC30047E08E /* DragAnimationViewController.swift in Sources */ = {isa = PBXBuildFile; fileRef = 897CAE63221AAEC30047E08E /* DragAnimationViewController.swift */; };
		89F23727221BA2EF0056C208 /* DragImageView.swift in Sources */ = {isa = PBXBuildFile; fileRef = 89F23726221BA2EF0056C208 /* DragImageView.swift */; };
		89F23729221BDF800056C208 /* ScrollAnimationViewController.swift in Sources */ = {isa = PBXBuildFile; fileRef = 89F23728221BDF800056C208 /* ScrollAnimationViewController.swift */; };
		89F2372B221BF08F0056C208 /* TouchAnimationViewController.swift in Sources */ = {isa = PBXBuildFile; fileRef = 89F2372A221BF08F0056C208 /* TouchAnimationViewController.swift */; };
		89F2372D221BFE3D0056C208 /* TouchAnimationDescriptionViewController.swift in Sources */ = {isa = PBXBuildFile; fileRef = 89F2372C221BFE3D0056C208 /* TouchAnimationDescriptionViewController.swift */; };
		89F23751221D3F6B0056C208 /* TouchScrollView.swift in Sources */ = {isa = PBXBuildFile; fileRef = 89F23750221D3F6B0056C208 /* TouchScrollView.swift */; };
/* End PBXBuildFile section */

/* Begin PBXFileReference section */
		897CAC44221A89000047E08E /* Practice_Animation.app */ = {isa = PBXFileReference; explicitFileType = wrapper.application; includeInIndex = 0; path = Practice_Animation.app; sourceTree = BUILT_PRODUCTS_DIR; };
		897CAC47221A89000047E08E /* AppDelegate.swift */ = {isa = PBXFileReference; lastKnownFileType = sourcecode.swift; path = AppDelegate.swift; sourceTree = "<group>"; };
		897CAC49221A89000047E08E /* ViewController.swift */ = {isa = PBXFileReference; lastKnownFileType = sourcecode.swift; path = ViewController.swift; sourceTree = "<group>"; };
		897CAC4C221A89000047E08E /* Base */ = {isa = PBXFileReference; lastKnownFileType = file.storyboard; name = Base; path = Base.lproj/Main.storyboard; sourceTree = "<group>"; };
		897CAC4E221A89010047E08E /* Assets.xcassets */ = {isa = PBXFileReference; lastKnownFileType = folder.assetcatalog; path = Assets.xcassets; sourceTree = "<group>"; };
		897CAC51221A89010047E08E /* Base */ = {isa = PBXFileReference; lastKnownFileType = file.storyboard; name = Base; path = Base.lproj/LaunchScreen.storyboard; sourceTree = "<group>"; };
		897CAC53221A89010047E08E /* Info.plist */ = {isa = PBXFileReference; lastKnownFileType = text.plist.xml; path = Info.plist; sourceTree = "<group>"; };
		897CAC5A221A8A3D0047E08E /* UIViewAnimationViewController.swift */ = {isa = PBXFileReference; lastKnownFileType = sourcecode.swift; path = UIViewAnimationViewController.swift; sourceTree = "<group>"; };
		897CAE59221A92180047E08E /* Teacher_icon@2x.png */ = {isa = PBXFileReference; lastKnownFileType = image.png; path = "Teacher_icon@2x.png"; sourceTree = "<group>"; };
		897CAE5C221AA0670047E08E /* KeyValueObservingViewController.swift */ = {isa = PBXFileReference; lastKnownFileType = sourcecode.swift; path = KeyValueObservingViewController.swift; sourceTree = "<group>"; };
		897CAE5F221AA2F90047E08E /* UILabelExtension.swift */ = {isa = PBXFileReference; lastKnownFileType = sourcecode.swift; path = UILabelExtension.swift; sourceTree = "<group>"; };
		897CAE61221AA65F0047E08E /* StringExtension.swift */ = {isa = PBXFileReference; lastKnownFileType = sourcecode.swift; path = StringExtension.swift; sourceTree = "<group>"; };
		897CAE63221AAEC30047E08E /* DragAnimationViewController.swift */ = {isa = PBXFileReference; lastKnownFileType = sourcecode.swift; path = DragAnimationViewController.swift; sourceTree = "<group>"; };
		89F23726221BA2EF0056C208 /* DragImageView.swift */ = {isa = PBXFileReference; lastKnownFileType = sourcecode.swift; path = DragImageView.swift; sourceTree = "<group>"; };
		89F23728221BDF800056C208 /* ScrollAnimationViewController.swift */ = {isa = PBXFileReference; lastKnownFileType = sourcecode.swift; path = ScrollAnimationViewController.swift; sourceTree = "<group>"; };
		89F2372A221BF08F0056C208 /* TouchAnimationViewController.swift */ = {isa = PBXFileReference; lastKnownFileType = sourcecode.swift; path = TouchAnimationViewController.swift; sourceTree = "<group>"; };
		89F2372C221BFE3D0056C208 /* TouchAnimationDescriptionViewController.swift */ = {isa = PBXFileReference; lastKnownFileType = sourcecode.swift; path = TouchAnimationDescriptionViewController.swift; sourceTree = "<group>"; };
		89F23750221D3F6B0056C208 /* TouchScrollView.swift */ = {isa = PBXFileReference; lastKnownFileType = sourcecode.swift; path = TouchScrollView.swift; sourceTree = "<group>"; };
/* End PBXFileReference section */

/* Begin PBXFrameworksBuildPhase section */
		897CAC41221A89000047E08E /* Frameworks */ = {
			isa = PBXFrameworksBuildPhase;
			buildActionMask = 2147483647;
			files = (
			);
			runOnlyForDeploymentPostprocessing = 0;
		};
/* End PBXFrameworksBuildPhase section */

/* Begin PBXGroup section */
		897CAC3B221A89000047E08E = {
			isa = PBXGroup;
			children = (
				897CAC46221A89000047E08E /* Practice_Animation */,
				897CAC45221A89000047E08E /* Products */,
			);
			sourceTree = "<group>";
		};
		897CAC45221A89000047E08E /* Products */ = {
			isa = PBXGroup;
			children = (
				897CAC44221A89000047E08E /* Practice_Animation.app */,
			);
			name = Products;
			sourceTree = "<group>";
		};
		897CAC46221A89000047E08E /* Practice_Animation */ = {
			isa = PBXGroup;
			children = (
				897CAC47221A89000047E08E /* AppDelegate.swift */,
				897CAE5E221AA2A60047E08E /* Extensions */,
				89F23725221BA2A70056C208 /* Object */,
				897CAC59221A89C70047E08E /* ViewControllers */,
				897CAE5B221A921C0047E08E /* Support */,
				897CAC4B221A89000047E08E /* Main.storyboard */,
				897CAC50221A89010047E08E /* LaunchScreen.storyboard */,
			);
			path = Practice_Animation;
			sourceTree = "<group>";
		};
		897CAC59221A89C70047E08E /* ViewControllers */ = {
			isa = PBXGroup;
			children = (
				897CAC49221A89000047E08E /* ViewController.swift */,
				897CAC5A221A8A3D0047E08E /* UIViewAnimationViewController.swift */,
				897CAE5C221AA0670047E08E /* KeyValueObservingViewController.swift */,
				897CAE63221AAEC30047E08E /* DragAnimationViewController.swift */,
				89F2372A221BF08F0056C208 /* TouchAnimationViewController.swift */,
				89F2372C221BFE3D0056C208 /* TouchAnimationDescriptionViewController.swift */,
				89F23728221BDF800056C208 /* ScrollAnimationViewController.swift */,
			);
			path = ViewControllers;
			sourceTree = "<group>";
		};
		897CAE58221A92180047E08E /* Images */ = {
			isa = PBXGroup;
			children = (
				897CAE59221A92180047E08E /* Teacher_icon@2x.png */,
			);
			path = Images;
			sourceTree = "<group>";
		};
		897CAE5B221A921C0047E08E /* Support */ = {
			isa = PBXGroup;
			children = (
				897CAE58221A92180047E08E /* Images */,
				897CAC53221A89010047E08E /* Info.plist */,
				897CAC4E221A89010047E08E /* Assets.xcassets */,
			);
			path = Support;
			sourceTree = "<group>";
		};
		897CAE5E221AA2A60047E08E /* Extensions */ = {
			isa = PBXGroup;
			children = (
				897CAE5F221AA2F90047E08E /* UILabelExtension.swift */,
				897CAE61221AA65F0047E08E /* StringExtension.swift */,
			);
			path = Extensions;
			sourceTree = "<group>";
		};
		89F23725221BA2A70056C208 /* Object */ = {
			isa = PBXGroup;
			children = (
				89F23726221BA2EF0056C208 /* DragImageView.swift */,
				89F23750221D3F6B0056C208 /* TouchScrollView.swift */,
			);
			path = Object;
			sourceTree = "<group>";
		};
/* End PBXGroup section */

/* Begin PBXNativeTarget section */
		897CAC43221A89000047E08E /* Practice_Animation */ = {
			isa = PBXNativeTarget;
			buildConfigurationList = 897CAC56221A89010047E08E /* Build configuration list for PBXNativeTarget "Practice_Animation" */;
			buildPhases = (
				897CAC40221A89000047E08E /* Sources */,
				897CAC41221A89000047E08E /* Frameworks */,
				897CAC42221A89000047E08E /* Resources */,
			);
			buildRules = (
			);
			dependencies = (
			);
			name = Practice_Animation;
			productName = Practice_Animation;
			productReference = 897CAC44221A89000047E08E /* Practice_Animation.app */;
			productType = "com.apple.product-type.application";
		};
/* End PBXNativeTarget section */

/* Begin PBXProject section */
		897CAC3C221A89000047E08E /* Project object */ = {
			isa = PBXProject;
			attributes = {
				LastSwiftUpdateCheck = 1010;
				LastUpgradeCheck = 1010;
				ORGANIZATIONNAME = "강상우";
				TargetAttributes = {
					897CAC43221A89000047E08E = {
						CreatedOnToolsVersion = 10.1;
					};
				};
			};
			buildConfigurationList = 897CAC3F221A89000047E08E /* Build configuration list for PBXProject "Practice_Animation" */;
			compatibilityVersion = "Xcode 9.3";
			developmentRegion = en;
			hasScannedForEncodings = 0;
			knownRegions = (
				en,
				Base,
			);
			mainGroup = 897CAC3B221A89000047E08E;
			productRefGroup = 897CAC45221A89000047E08E /* Products */;
			projectDirPath = "";
			projectRoot = "";
			targets = (
				897CAC43221A89000047E08E /* Practice_Animation */,
			);
		};
/* End PBXProject section */

/* Begin PBXResourcesBuildPhase section */
		897CAC42221A89000047E08E /* Resources */ = {
			isa = PBXResourcesBuildPhase;
			buildActionMask = 2147483647;
			files = (
				897CAE5A221A92180047E08E /* Teacher_icon@2x.png in Resources */,
				897CAC52221A89010047E08E /* LaunchScreen.storyboard in Resources */,
				897CAC4F221A89010047E08E /* Assets.xcassets in Resources */,
				897CAC4D221A89000047E08E /* Main.storyboard in Resources */,
			);
			runOnlyForDeploymentPostprocessing = 0;
		};
/* End PBXResourcesBuildPhase section */

/* Begin PBXSourcesBuildPhase section */
		897CAC40221A89000047E08E /* Sources */ = {
			isa = PBXSourcesBuildPhase;
			buildActionMask = 2147483647;
			files = (
				897CAE5D221AA0670047E08E /* KeyValueObservingViewController.swift in Sources */,
				897CAC4A221A89000047E08E /* ViewController.swift in Sources */,
				89F23727221BA2EF0056C208 /* DragImageView.swift in Sources */,
				897CAE64221AAEC30047E08E /* DragAnimationViewController.swift in Sources */,
				897CAE62221AA65F0047E08E /* StringExtension.swift in Sources */,
				89F23751221D3F6B0056C208 /* TouchScrollView.swift in Sources */,
				897CAE60221AA2F90047E08E /* UILabelExtension.swift in Sources */,
				897CAC48221A89000047E08E /* AppDelegate.swift in Sources */,
				89F23729221BDF800056C208 /* ScrollAnimationViewController.swift in Sources */,
				897CAC5B221A8A3D0047E08E /* UIViewAnimationViewController.swift in Sources */,
				89F2372B221BF08F0056C208 /* TouchAnimationViewController.swift in Sources */,
				89F2372D221BFE3D0056C208 /* TouchAnimationDescriptionViewController.swift in Sources */,
			);
			runOnlyForDeploymentPostprocessing = 0;
		};
/* End PBXSourcesBuildPhase section */

/* Begin PBXVariantGroup section */
		897CAC4B221A89000047E08E /* Main.storyboard */ = {
			isa = PBXVariantGroup;
			children = (
				897CAC4C221A89000047E08E /* Base */,
			);
			name = Main.storyboard;
			sourceTree = "<group>";
		};
		897CAC50221A89010047E08E /* LaunchScreen.storyboard */ = {
			isa = PBXVariantGroup;
			children = (
				897CAC51221A89010047E08E /* Base */,
			);
			name = LaunchScreen.storyboard;
			sourceTree = "<group>";
		};
/* End PBXVariantGroup section */

/* Begin XCBuildConfiguration section */
		897CAC54221A89010047E08E /* Debug */ = {
			isa = XCBuildConfiguration;
			buildSettings = {
				ALWAYS_SEARCH_USER_PATHS = NO;
				CLANG_ANALYZER_NONNULL = YES;
				CLANG_ANALYZER_NUMBER_OBJECT_CONVERSION = YES_AGGRESSIVE;
				CLANG_CXX_LANGUAGE_STANDARD = "gnu++14";
				CLANG_CXX_LIBRARY = "libc++";
				CLANG_ENABLE_MODULES = YES;
				CLANG_ENABLE_OBJC_ARC = YES;
				CLANG_ENABLE_OBJC_WEAK = YES;
				CLANG_WARN_BLOCK_CAPTURE_AUTORELEASING = YES;
				CLANG_WARN_BOOL_CONVERSION = YES;
				CLANG_WARN_COMMA = YES;
				CLANG_WARN_CONSTANT_CONVERSION = YES;
				CLANG_WARN_DEPRECATED_OBJC_IMPLEMENTATIONS = YES;
				CLANG_WARN_DIRECT_OBJC_ISA_USAGE = YES_ERROR;
				CLANG_WARN_DOCUMENTATION_COMMENTS = YES;
				CLANG_WARN_EMPTY_BODY = YES;
				CLANG_WARN_ENUM_CONVERSION = YES;
				CLANG_WARN_INFINITE_RECURSION = YES;
				CLANG_WARN_INT_CONVERSION = YES;
				CLANG_WARN_NON_LITERAL_NULL_CONVERSION = YES;
				CLANG_WARN_OBJC_IMPLICIT_RETAIN_SELF = YES;
				CLANG_WARN_OBJC_LITERAL_CONVERSION = YES;
				CLANG_WARN_OBJC_ROOT_CLASS = YES_ERROR;
				CLANG_WARN_RANGE_LOOP_ANALYSIS = YES;
				CLANG_WARN_STRICT_PROTOTYPES = YES;
				CLANG_WARN_SUSPICIOUS_MOVE = YES;
				CLANG_WARN_UNGUARDED_AVAILABILITY = YES_AGGRESSIVE;
				CLANG_WARN_UNREACHABLE_CODE = YES;
				CLANG_WARN__DUPLICATE_METHOD_MATCH = YES;
				CODE_SIGN_IDENTITY = "iPhone Developer";
				COPY_PHASE_STRIP = NO;
				DEBUG_INFORMATION_FORMAT = dwarf;
				ENABLE_STRICT_OBJC_MSGSEND = YES;
				ENABLE_TESTABILITY = YES;
				GCC_C_LANGUAGE_STANDARD = gnu11;
				GCC_DYNAMIC_NO_PIC = NO;
				GCC_NO_COMMON_BLOCKS = YES;
				GCC_OPTIMIZATION_LEVEL = 0;
				GCC_PREPROCESSOR_DEFINITIONS = (
					"DEBUG=1",
					"$(inherited)",
				);
				GCC_WARN_64_TO_32_BIT_CONVERSION = YES;
				GCC_WARN_ABOUT_RETURN_TYPE = YES_ERROR;
				GCC_WARN_UNDECLARED_SELECTOR = YES;
				GCC_WARN_UNINITIALIZED_AUTOS = YES_AGGRESSIVE;
				GCC_WARN_UNUSED_FUNCTION = YES;
				GCC_WARN_UNUSED_VARIABLE = YES;
				IPHONEOS_DEPLOYMENT_TARGET = 12.1;
				MTL_ENABLE_DEBUG_INFO = INCLUDE_SOURCE;
				MTL_FAST_MATH = YES;
				ONLY_ACTIVE_ARCH = YES;
				SDKROOT = iphoneos;
				SWIFT_ACTIVE_COMPILATION_CONDITIONS = DEBUG;
				SWIFT_OPTIMIZATION_LEVEL = "-Onone";
			};
			name = Debug;
		};
		897CAC55221A89010047E08E /* Release */ = {
			isa = XCBuildConfiguration;
			buildSettings = {
				ALWAYS_SEARCH_USER_PATHS = NO;
				CLANG_ANALYZER_NONNULL = YES;
				CLANG_ANALYZER_NUMBER_OBJECT_CONVERSION = YES_AGGRESSIVE;
				CLANG_CXX_LANGUAGE_STANDARD = "gnu++14";
				CLANG_CXX_LIBRARY = "libc++";
				CLANG_ENABLE_MODULES = YES;
				CLANG_ENABLE_OBJC_ARC = YES;
				CLANG_ENABLE_OBJC_WEAK = YES;
				CLANG_WARN_BLOCK_CAPTURE_AUTORELEASING = YES;
				CLANG_WARN_BOOL_CONVERSION = YES;
				CLANG_WARN_COMMA = YES;
				CLANG_WARN_CONSTANT_CONVERSION = YES;
				CLANG_WARN_DEPRECATED_OBJC_IMPLEMENTATIONS = YES;
				CLANG_WARN_DIRECT_OBJC_ISA_USAGE = YES_ERROR;
				CLANG_WARN_DOCUMENTATION_COMMENTS = YES;
				CLANG_WARN_EMPTY_BODY = YES;
				CLANG_WARN_ENUM_CONVERSION = YES;
				CLANG_WARN_INFINITE_RECURSION = YES;
				CLANG_WARN_INT_CONVERSION = YES;
				CLANG_WARN_NON_LITERAL_NULL_CONVERSION = YES;
				CLANG_WARN_OBJC_IMPLICIT_RETAIN_SELF = YES;
				CLANG_WARN_OBJC_LITERAL_CONVERSION = YES;
				CLANG_WARN_OBJC_ROOT_CLASS = YES_ERROR;
				CLANG_WARN_RANGE_LOOP_ANALYSIS = YES;
				CLANG_WARN_STRICT_PROTOTYPES = YES;
				CLANG_WARN_SUSPICIOUS_MOVE = YES;
				CLANG_WARN_UNGUARDED_AVAILABILITY = YES_AGGRESSIVE;
				CLANG_WARN_UNREACHABLE_CODE = YES;
				CLANG_WARN__DUPLICATE_METHOD_MATCH = YES;
				CODE_SIGN_IDENTITY = "iPhone Developer";
				COPY_PHASE_STRIP = NO;
				DEBUG_INFORMATION_FORMAT = "dwarf-with-dsym";
				ENABLE_NS_ASSERTIONS = NO;
				ENABLE_STRICT_OBJC_MSGSEND = YES;
				GCC_C_LANGUAGE_STANDARD = gnu11;
				GCC_NO_COMMON_BLOCKS = YES;
				GCC_WARN_64_TO_32_BIT_CONVERSION = YES;
				GCC_WARN_ABOUT_RETURN_TYPE = YES_ERROR;
				GCC_WARN_UNDECLARED_SELECTOR = YES;
				GCC_WARN_UNINITIALIZED_AUTOS = YES_AGGRESSIVE;
				GCC_WARN_UNUSED_FUNCTION = YES;
				GCC_WARN_UNUSED_VARIABLE = YES;
				IPHONEOS_DEPLOYMENT_TARGET = 12.1;
				MTL_ENABLE_DEBUG_INFO = NO;
				MTL_FAST_MATH = YES;
				SDKROOT = iphoneos;
				SWIFT_COMPILATION_MODE = wholemodule;
				SWIFT_OPTIMIZATION_LEVEL = "-O";
				VALIDATE_PRODUCT = YES;
			};
			name = Release;
		};
		897CAC57221A89010047E08E /* Debug */ = {
			isa = XCBuildConfiguration;
			buildSettings = {
				ASSETCATALOG_COMPILER_APPICON_NAME = AppIcon;
				CODE_SIGN_STYLE = Automatic;
				DEVELOPMENT_TEAM = HXU23UYV46;
				INFOPLIST_FILE = Practice_Animation/Support/Info.plist;
				IPHONEOS_DEPLOYMENT_TARGET = 10.0;
				LD_RUNPATH_SEARCH_PATHS = (
					"$(inherited)",
					"@executable_path/Frameworks",
				);
				PRODUCT_BUNDLE_IDENTIFIER = "com.dev.fermata.Practice-Animation";
				PRODUCT_NAME = "$(TARGET_NAME)";
				SWIFT_VERSION = 4.2;
				TARGETED_DEVICE_FAMILY = "1,2";
			};
			name = Debug;
		};
		897CAC58221A89010047E08E /* Release */ = {
			isa = XCBuildConfiguration;
			buildSettings = {
				ASSETCATALOG_COMPILER_APPICON_NAME = AppIcon;
				CODE_SIGN_STYLE = Automatic;
				DEVELOPMENT_TEAM = HXU23UYV46;
				INFOPLIST_FILE = Practice_Animation/Support/Info.plist;
				IPHONEOS_DEPLOYMENT_TARGET = 10.0;
				LD_RUNPATH_SEARCH_PATHS = (
					"$(inherited)",
					"@executable_path/Frameworks",
				);
				PRODUCT_BUNDLE_IDENTIFIER = "com.dev.fermata.Practice-Animation";
				PRODUCT_NAME = "$(TARGET_NAME)";
				SWIFT_VERSION = 4.2;
				TARGETED_DEVICE_FAMILY = "1,2";
			};
			name = Release;
		};
/* End XCBuildConfiguration section */

/* Begin XCConfigurationList section */
		897CAC3F221A89000047E08E /* Build configuration list for PBXProject "Practice_Animation" */ = {
			isa = XCConfigurationList;
			buildConfigurations = (
				897CAC54221A89010047E08E /* Debug */,
				897CAC55221A89010047E08E /* Release */,
			);
			defaultConfigurationIsVisible = 0;
			defaultConfigurationName = Release;
		};
		897CAC56221A89010047E08E /* Build configuration list for PBXNativeTarget "Practice_Animation" */ = {
			isa = XCConfigurationList;
			buildConfigurations = (
				897CAC57221A89010047E08E /* Debug */,
				897CAC58221A89010047E08E /* Release */,
			);
			defaultConfigurationIsVisible = 0;
			defaultConfigurationName = Release;
		};
/* End XCConfigurationList section */
	};
	rootObject = 897CAC3C221A89000047E08E /* Project object */;
}
